
Microsoft Visual Studio Solution File, Format Version 12.00
# Visual Studio 15
Project("{FAE04EC0-301F-11D3-BF4B-00C04F79EFBC}") = "MonKey", "MonKey.csproj", "{E19ABFFE-E56F-38BE-DCEC-B622BC9F8DFB}"
EndProject
Project("{FAE04EC0-301F-11D3-BF4B-00C04F79EFBC}") = "Assembly-CSharp", "Assembly-CSharp.csproj", "{1D34790E-08B4-A16C-D2B6-8AF411916244}"
EndProject
Project("{FAE04EC0-301F-11D3-BF4B-00C04F79EFBC}") = "Assembly-CSharp-Editor", "Assembly-CSharp-Editor.csproj", "{9B500B55-3274-681D-0A34-D59346B1D4E1}"
EndProject
Global
	GlobalSection(SolutionConfigurationPlatforms) = preSolution
		Debug|Any CPU = Debug|Any CPU
		Release|Any CPU = Release|Any CPU
	EndGlobalSection
	GlobalSection(ProjectConfigurationPlatforms) = postSolution
		{E19ABFFE-E56F-38BE-DCEC-B622BC9F8DFB}.Debug|Any CPU.ActiveCfg = Debug|Any CPU
		{E19ABFFE-E56F-38BE-DCEC-B622BC9F8DFB}.Debug|Any CPU.Build.0 = Debug|Any CPU
		{E19ABFFE-E56F-38BE-DCEC-B622BC9F8DFB}.Release|Any CPU.ActiveCfg = Release|Any CPU
		{E19ABFFE-E56F-38BE-DCEC-B622BC9F8DFB}.Release|Any CPU.Build.0 = Release|Any CPU
		{1D34790E-08B4-A16C-D2B6-8AF411916244}.Debug|Any CPU.ActiveCfg = Debug|Any CPU
		{1D34790E-08B4-A16C-D2B6-8AF411916244}.Debug|Any CPU.Build.0 = Debug|Any CPU
		{1D34790E-08B4-A16C-D2B6-8AF411916244}.Release|Any CPU.ActiveCfg = Release|Any CPU
		{1D34790E-08B4-A16C-D2B6-8AF411916244}.Release|Any CPU.Build.0 = Release|Any CPU
		{9B500B55-3274-681D-0A34-D59346B1D4E1}.Debug|Any CPU.ActiveCfg = Debug|Any CPU
		{9B500B55-3274-681D-0A34-D59346B1D4E1}.Debug|Any CPU.Build.0 = Debug|Any CPU
		{9B500B55-3274-681D-0A34-D59346B1D4E1}.Release|Any CPU.ActiveCfg = Release|Any CPU
		{9B500B55-3274-681D-0A34-D59346B1D4E1}.Release|Any CPU.Build.0 = Release|Any CPU
	EndGlobalSection
	GlobalSection(SolutionProperties) = preSolution
		HideSolutionNode = FALSE
	EndGlobalSection
EndGlobal
